{
  "name": "blackcrescent",
  "version": "1.0.0",
  "lockfileVersion": 2,
  "requires": true,
  "packages": {
    "": {
      "name": "blackcrescent",
      "version": "1.0.0",
      "devDependencies": {
        "vuepress": "^1.9.9"
      }
    }
  },
  "devDependencies": {
    "vuepress": {
      "version": "1.9.9"
    }
  }
}
